{
  "name": "node_web_scrape",
  "version": "1.0.0",
  "lockfileVersion": 3,
  "requires": true,
  "packages": {
    "": {
      "name": "node_web_scrape",
      "version": "1.0.0",
      "license": "ISC",
      "dependencies": {
        "jssoup": "0.0.15"
      }
    },
    "node_modules/htmlparser": {
      "version": "1.7.7",
      "resolved": "https://registry.npmjs.org/htmlparser/-/htmlparser-1.7.7.tgz",
      "integrity": "sha512-zpK66ifkT0fauyFh2Mulrq4AqGTucxGtOhZ8OjkbSfcCpkqQEI8qRkY0tSQSJNAQ4HUZkgWaU4fK4EH6SVH9PQ==",
      "engines": {
        "node": ">=0.1.33"
      }
    },
    "node_modules/jssoup": {
      "version": "0.0.15",
      "resolved": "https://registry.npmjs.org/jssoup/-/jssoup-0.0.15.tgz",
      "integrity": "sha512-9/7qzZQ878Jey0JyNTuy1NYE8Y4G5PbpWQ5hS8vlBD2Ar4MKJNMQ0239yjb+WExRNLiYPSgZSVLyFUwQNWa1ag==",
      "dependencies": {
        "htmlparser": "^1.7.7"
      }
    }
  }
}
